hash: 0128c93a5ce0e03c1529ebca00a98e84b3efa773bd511abf322289f365ff1177
updated: 2016-09-15T15:42:41.697913145-07:00
imports:
- name: github.com/Sirupsen/logrus
  version: 4b6ea7319e214d98c938f12692336f7ca9348d6b
- name: golang.org/x/sys
  version: 30de6d19a3bd89a5f38ae4028e23aaa5582648af
  subpackages:
  - unix
- name: gopkg.in/yaml.v2
  version: 31c299268d302dd0aa9a0dcf765a3d58971ac83f
testImports: []
